// !$*UTF8*$!
{
	archiveVersion = 1;
	classes = {
	};
	objectVersion = 56;
	objects = {

/* Begin PBXBuildFile section */
		E513CBA5292CC7150051F844 /* AppDelegate.swift in Sources */ = {isa = PBXBuildFile; fileRef = E513CBA4292CC7150051F844 /* AppDelegate.swift */; };
		E513CBA7292CC7150051F844 /* SceneDelegate.swift in Sources */ = {isa = PBXBuildFile; fileRef = E513CBA6292CC7150051F844 /* SceneDelegate.swift */; };
		E513CBA9292CC7150051F844 /* ViewController.swift in Sources */ = {isa = PBXBuildFile; fileRef = E513CBA8292CC7150051F844 /* ViewController.swift */; };
		E513CBAC292CC7150051F844 /* Main.storyboard in Resources */ = {isa = PBXBuildFile; fileRef = E513CBAA292CC7150051F844 /* Main.storyboard */; };
		E513CBAE292CC7170051F844 /* Assets.xcassets in Resources */ = {isa = PBXBuildFile; fileRef = E513CBAD292CC7170051F844 /* Assets.xcassets */; };
		E513CBB1292CC7170051F844 /* LaunchScreen.storyboard in Resources */ = {isa = PBXBuildFile; fileRef = E513CBAF292CC7170051F844 /* LaunchScreen.storyboard */; };
		E513CBB9292CF5970051F844 /* TestTaskJSON.json in Resources */ = {isa = PBXBuildFile; fileRef = E513CBB8292CF5970051F844 /* TestTaskJSON.json */; };
		E513CBBB292D11010051F844 /* CellForDescription.swift in Sources */ = {isa = PBXBuildFile; fileRef = E513CBBA292D11010051F844 /* CellForDescription.swift */; };
		E513CBBD292D11190051F844 /* CellWeatherPerDay.swift in Sources */ = {isa = PBXBuildFile; fileRef = E513CBBC292D11190051F844 /* CellWeatherPerDay.swift */; };
		E513CBBF292D112F0051F844 /* CellForecast.swift in Sources */ = {isa = PBXBuildFile; fileRef = E513CBBE292D112F0051F844 /* CellForecast.swift */; };
		E513CBC1292E48830051F844 /* CellForCollectionView.swift in Sources */ = {isa = PBXBuildFile; fileRef = E513CBC0292E48830051F844 /* CellForCollectionView.swift */; };
		E513CBC3292E58AD0051F844 /* Model.swift in Sources */ = {isa = PBXBuildFile; fileRef = E513CBC2292E58AD0051F844 /* Model.swift */; };
		E513CBC5293247CC0051F844 /* CellChangeDays.swift in Sources */ = {isa = PBXBuildFile; fileRef = E513CBC4293247CC0051F844 /* CellChangeDays.swift */; };
		E5AF714E2934B5B000F58D25 /* Inter-VariableFont_slnt,wght.ttf in Resources */ = {isa = PBXBuildFile; fileRef = E5AF714D2934B5B000F58D25 /* Inter-VariableFont_slnt,wght.ttf */; };
		E5EE77F52934F2E700D2A597 /* Presenter.swift in Sources */ = {isa = PBXBuildFile; fileRef = E5EE77F42934F2E700D2A597 /* Presenter.swift */; };
/* End PBXBuildFile section */

/* Begin PBXFileReference section */
		E513CBA1292CC7150051F844 /* Weather.app */ = {isa = PBXFileReference; explicitFileType = wrapper.application; includeInIndex = 0; path = Weather.app; sourceTree = BUILT_PRODUCTS_DIR; };
		E513CBA4292CC7150051F844 /* AppDelegate.swift */ = {isa = PBXFileReference; lastKnownFileType = sourcecode.swift; path = AppDelegate.swift; sourceTree = "<group>"; };
		E513CBA6292CC7150051F844 /* SceneDelegate.swift */ = {isa = PBXFileReference; lastKnownFileType = sourcecode.swift; path = SceneDelegate.swift; sourceTree = "<group>"; };
		E513CBA8292CC7150051F844 /* ViewController.swift */ = {isa = PBXFileReference; lastKnownFileType = sourcecode.swift; path = ViewController.swift; sourceTree = "<group>"; };
		E513CBAB292CC7150051F844 /* Base */ = {isa = PBXFileReference; lastKnownFileType = file.storyboard; name = Base; path = Base.lproj/Main.storyboard; sourceTree = "<group>"; };
		E513CBAD292CC7170051F844 /* Assets.xcassets */ = {isa = PBXFileReference; lastKnownFileType = folder.assetcatalog; path = Assets.xcassets; sourceTree = "<group>"; };
		E513CBB0292CC7170051F844 /* Base */ = {isa = PBXFileReference; lastKnownFileType = file.storyboard; name = Base; path = Base.lproj/LaunchScreen.storyboard; sourceTree = "<group>"; };
		E513CBB2292CC7170051F844 /* Info.plist */ = {isa = PBXFileReference; lastKnownFileType = text.plist.xml; path = Info.plist; sourceTree = "<group>"; };
		E513CBB8292CF5970051F844 /* TestTaskJSON.json */ = {isa = PBXFileReference; fileEncoding = 4; lastKnownFileType = text.json; path = TestTaskJSON.json; sourceTree = "<group>"; };
		E513CBBA292D11010051F844 /* CellForDescription.swift */ = {isa = PBXFileReference; lastKnownFileType = sourcecode.swift; path = CellForDescription.swift; sourceTree = "<group>"; };
		E513CBBC292D11190051F844 /* CellWeatherPerDay.swift */ = {isa = PBXFileReference; lastKnownFileType = sourcecode.swift; path = CellWeatherPerDay.swift; sourceTree = "<group>"; };
		E513CBBE292D112F0051F844 /* CellForecast.swift */ = {isa = PBXFileReference; lastKnownFileType = sourcecode.swift; path = CellForecast.swift; sourceTree = "<group>"; };
		E513CBC0292E48830051F844 /* CellForCollectionView.swift */ = {isa = PBXFileReference; lastKnownFileType = sourcecode.swift; path = CellForCollectionView.swift; sourceTree = "<group>"; };
		E513CBC2292E58AD0051F844 /* Model.swift */ = {isa = PBXFileReference; lastKnownFileType = sourcecode.swift; path = Model.swift; sourceTree = "<group>"; };
		E513CBC4293247CC0051F844 /* CellChangeDays.swift */ = {isa = PBXFileReference; lastKnownFileType = sourcecode.swift; path = CellChangeDays.swift; sourceTree = "<group>"; };
		E5AF714D2934B5B000F58D25 /* Inter-VariableFont_slnt,wght.ttf */ = {isa = PBXFileReference; lastKnownFileType = file; path = "Inter-VariableFont_slnt,wght.ttf"; sourceTree = "<group>"; };
		E5EE77F42934F2E700D2A597 /* Presenter.swift */ = {isa = PBXFileReference; lastKnownFileType = sourcecode.swift; path = Presenter.swift; sourceTree = "<group>"; };
/* End PBXFileReference section */

/* Begin PBXFrameworksBuildPhase section */
		E513CB9E292CC7150051F844 /* Frameworks */ = {
			isa = PBXFrameworksBuildPhase;
			buildActionMask = 2147483647;
			files = (
			);
			runOnlyForDeploymentPostprocessing = 0;
		};
/* End PBXFrameworksBuildPhase section */

/* Begin PBXGroup section */
		E513CB98292CC7150051F844 = {
			isa = PBXGroup;
			children = (
				E513CBA3292CC7150051F844 /* Weather */,
				E513CBA2292CC7150051F844 /* Products */,
			);
			sourceTree = "<group>";
		};
		E513CBA2292CC7150051F844 /* Products */ = {
			isa = PBXGroup;
			children = (
				E513CBA1292CC7150051F844 /* Weather.app */,
			);
			name = Products;
			sourceTree = "<group>";
		};
		E513CBA3292CC7150051F844 /* Weather */ = {
			isa = PBXGroup;
			children = (
				E5EE77F62935EDD200D2A597 /* MVP */,
				E513CBA4292CC7150051F844 /* AppDelegate.swift */,
				E513CBA6292CC7150051F844 /* SceneDelegate.swift */,
				E513CBAA292CC7150051F844 /* Main.storyboard */,
				E513CBAD292CC7170051F844 /* Assets.xcassets */,
				E513CBAF292CC7170051F844 /* LaunchScreen.storyboard */,
				E513CBB2292CC7170051F844 /* Info.plist */,
				E513CBB8292CF5970051F844 /* TestTaskJSON.json */,
				E5AF714D2934B5B000F58D25 /* Inter-VariableFont_slnt,wght.ttf */,
			);
			path = Weather;
			sourceTree = "<group>";
		};
		E5EE77F12934F1BB00D2A597 /* Models */ = {
			isa = PBXGroup;
			children = (
				E513CBC2292E58AD0051F844 /* Model.swift */,
			);
			path = Models;
			sourceTree = "<group>";
		};
		E5EE77F22934F1D800D2A597 /* Views */ = {
			isa = PBXGroup;
			children = (
				E513CBA8292CC7150051F844 /* ViewController.swift */,
				E513CBBA292D11010051F844 /* CellForDescription.swift */,
				E513CBBC292D11190051F844 /* CellWeatherPerDay.swift */,
				E513CBBE292D112F0051F844 /* CellForecast.swift */,
				E513CBC0292E48830051F844 /* CellForCollectionView.swift */,
				E513CBC4293247CC0051F844 /* CellChangeDays.swift */,
			);
			path = Views;
			sourceTree = "<group>";
		};
		E5EE77F32934F1E800D2A597 /* Presenters */ = {
			isa = PBXGroup;
			children = (
				E5EE77F42934F2E700D2A597 /* Presenter.swift */,
			);
			path = Presenters;
			sourceTree = "<group>";
		};
		E5EE77F62935EDD200D2A597 /* MVP */ = {
			isa = PBXGroup;
			children = (
				E5EE77F12934F1BB00D2A597 /* Models */,
				E5EE77F22934F1D800D2A597 /* Views */,
				E5EE77F32934F1E800D2A597 /* Presenters */,
			);
			path = MVP;
			sourceTree = "<group>";
		};
/* End PBXGroup section */

/* Begin PBXNativeTarget section */
		E513CBA0292CC7150051F844 /* Weather */ = {
			isa = PBXNativeTarget;
			buildConfigurationList = E513CBB5292CC7170051F844 /* Build configuration list for PBXNativeTarget "Weather" */;
			buildPhases = (
				E513CB9D292CC7150051F844 /* Sources */,
				E513CB9E292CC7150051F844 /* Frameworks */,
				E513CB9F292CC7150051F844 /* Resources */,
			);
			buildRules = (
			);
			dependencies = (
			);
			name = Weather;
			productName = Weather;
			productReference = E513CBA1292CC7150051F844 /* Weather.app */;
			productType = "com.apple.product-type.application";
		};
/* End PBXNativeTarget section */

/* Begin PBXProject section */
		E513CB99292CC7150051F844 /* Project object */ = {
			isa = PBXProject;
			attributes = {
				BuildIndependentTargetsInParallel = 1;
				LastSwiftUpdateCheck = 1400;
				LastUpgradeCheck = 1400;
				TargetAttributes = {
					E513CBA0292CC7150051F844 = {
						CreatedOnToolsVersion = 14.0.1;
					};
				};
			};
			buildConfigurationList = E513CB9C292CC7150051F844 /* Build configuration list for PBXProject "Weather" */;
			compatibilityVersion = "Xcode 14.0";
			developmentRegion = en;
			hasScannedForEncodings = 0;
			knownRegions = (
				en,
				Base,
			);
			mainGroup = E513CB98292CC7150051F844;
			productRefGroup = E513CBA2292CC7150051F844 /* Products */;
			projectDirPath = "";
			projectRoot = "";
			targets = (
				E513CBA0292CC7150051F844 /* Weather */,
			);
		};
/* End PBXProject section */

/* Begin PBXResourcesBuildPhase section */
		E513CB9F292CC7150051F844 /* Resources */ = {
			isa = PBXResourcesBuildPhase;
			buildActionMask = 2147483647;
			files = (
				E513CBB1292CC7170051F844 /* LaunchScreen.storyboard in Resources */,
				E5AF714E2934B5B000F58D25 /* Inter-VariableFont_slnt,wght.ttf in Resources */,
				E513CBAE292CC7170051F844 /* Assets.xcassets in Resources */,
				E513CBB9292CF5970051F844 /* TestTaskJSON.json in Resources */,
				E513CBAC292CC7150051F844 /* Main.storyboard in Resources */,
			);
			runOnlyForDeploymentPostprocessing = 0;
		};
/* End PBXResourcesBuildPhase section */

/* Begin PBXSourcesBuildPhase section */
		E513CB9D292CC7150051F844 /* Sources */ = {
			isa = PBXSourcesBuildPhase;
			buildActionMask = 2147483647;
			files = (
				E513CBA9292CC7150051F844 /* ViewController.swift in Sources */,
				E513CBBD292D11190051F844 /* CellWeatherPerDay.swift in Sources */,
				E513CBBF292D112F0051F844 /* CellForecast.swift in Sources */,
				E513CBA5292CC7150051F844 /* AppDelegate.swift in Sources */,
				E5EE77F52934F2E700D2A597 /* Presenter.swift in Sources */,
				E513CBC5293247CC0051F844 /* CellChangeDays.swift in Sources */,
				E513CBBB292D11010051F844 /* CellForDescription.swift in Sources */,
				E513CBA7292CC7150051F844 /* SceneDelegate.swift in Sources */,
				E513CBC1292E48830051F844 /* CellForCollectionView.swift in Sources */,
				E513CBC3292E58AD0051F844 /* Model.swift in Sources */,
			);
			runOnlyForDeploymentPostprocessing = 0;
		};
/* End PBXSourcesBuildPhase section */

/* Begin PBXVariantGroup section */
		E513CBAA292CC7150051F844 /* Main.storyboard */ = {
			isa = PBXVariantGroup;
			children = (
				E513CBAB292CC7150051F844 /* Base */,
			);
			name = Main.storyboard;
			sourceTree = "<group>";
		};
		E513CBAF292CC7170051F844 /* LaunchScreen.storyboard */ = {
			isa = PBXVariantGroup;
			children = (
				E513CBB0292CC7170051F844 /* Base */,
			);
			name = LaunchScreen.storyboard;
			sourceTree = "<group>";
		};
/* End PBXVariantGroup section */

/* Begin XCBuildConfiguration section */
		E513CBB3292CC7170051F844 /* Debug */ = {
			isa = XCBuildConfiguration;
			buildSettings = {
				ALWAYS_SEARCH_USER_PATHS = NO;
				CLANG_ANALYZER_NONNULL = YES;
				CLANG_ANALYZER_NUMBER_OBJECT_CONVERSION = YES_AGGRESSIVE;
				CLANG_CXX_LANGUAGE_STANDARD = "gnu++20";
				CLANG_ENABLE_MODULES = YES;
				CLANG_ENABLE_OBJC_ARC = YES;
				CLANG_ENABLE_OBJC_WEAK = YES;
				CLANG_WARN_BLOCK_CAPTURE_AUTORELEASING = YES;
				CLANG_WARN_BOOL_CONVERSION = YES;
				CLANG_WARN_COMMA = YES;
				CLANG_WARN_CONSTANT_CONVERSION = YES;
				CLANG_WARN_DEPRECATED_OBJC_IMPLEMENTATIONS = YES;
				CLANG_WARN_DIRECT_OBJC_ISA_USAGE = YES_ERROR;
				CLANG_WARN_DOCUMENTATION_COMMENTS = YES;
				CLANG_WARN_EMPTY_BODY = YES;
				CLANG_WARN_ENUM_CONVERSION = YES;
				CLANG_WARN_INFINITE_RECURSION = YES;
				CLANG_WARN_INT_CONVERSION = YES;
				CLANG_WARN_NON_LITERAL_NULL_CONVERSION = YES;
				CLANG_WARN_OBJC_IMPLICIT_RETAIN_SELF = YES;
				CLANG_WARN_OBJC_LITERAL_CONVERSION = YES;
				CLANG_WARN_OBJC_ROOT_CLASS = YES_ERROR;
				CLANG_WARN_QUOTED_INCLUDE_IN_FRAMEWORK_HEADER = YES;
				CLANG_WARN_RANGE_LOOP_ANALYSIS = YES;
				CLANG_WARN_STRICT_PROTOTYPES = YES;
				CLANG_WARN_SUSPICIOUS_MOVE = YES;
				CLANG_WARN_UNGUARDED_AVAILABILITY = YES_AGGRESSIVE;
				CLANG_WARN_UNREACHABLE_CODE = YES;
				CLANG_WARN__DUPLICATE_METHOD_MATCH = YES;
				COPY_PHASE_STRIP = NO;
				DEBUG_INFORMATION_FORMAT = dwarf;
				ENABLE_STRICT_OBJC_MSGSEND = YES;
				ENABLE_TESTABILITY = YES;
				GCC_C_LANGUAGE_STANDARD = gnu11;
				GCC_DYNAMIC_NO_PIC = NO;
				GCC_NO_COMMON_BLOCKS = YES;
				GCC_OPTIMIZATION_LEVEL = 0;
				GCC_PREPROCESSOR_DEFINITIONS = (
					"DEBUG=1",
					"$(inherited)",
				);
				GCC_WARN_64_TO_32_BIT_CONVERSION = YES;
				GCC_WARN_ABOUT_RETURN_TYPE = YES_ERROR;
				GCC_WARN_UNDECLARED_SELECTOR = YES;
				GCC_WARN_UNINITIALIZED_AUTOS = YES_AGGRESSIVE;
				GCC_WARN_UNUSED_FUNCTION = YES;
				GCC_WARN_UNUSED_VARIABLE = YES;
				IPHONEOS_DEPLOYMENT_TARGET = 16.0;
				MTL_ENABLE_DEBUG_INFO = INCLUDE_SOURCE;
				MTL_FAST_MATH = YES;
				ONLY_ACTIVE_ARCH = YES;
				SDKROOT = iphoneos;
				SWIFT_ACTIVE_COMPILATION_CONDITIONS = DEBUG;
				SWIFT_OPTIMIZATION_LEVEL = "-Onone";
			};
			name = Debug;
		};
		E513CBB4292CC7170051F844 /* Release */ = {
			isa = XCBuildConfiguration;
			buildSettings = {
				ALWAYS_SEARCH_USER_PATHS = NO;
				CLANG_ANALYZER_NONNULL = YES;
				CLANG_ANALYZER_NUMBER_OBJECT_CONVERSION = YES_AGGRESSIVE;
				CLANG_CXX_LANGUAGE_STANDARD = "gnu++20";
				CLANG_ENABLE_MODULES = YES;
				CLANG_ENABLE_OBJC_ARC = YES;
				CLANG_ENABLE_OBJC_WEAK = YES;
				CLANG_WARN_BLOCK_CAPTURE_AUTORELEASING = YES;
				CLANG_WARN_BOOL_CONVERSION = YES;
				CLANG_WARN_COMMA = YES;
				CLANG_WARN_CONSTANT_CONVERSION = YES;
				CLANG_WARN_DEPRECATED_OBJC_IMPLEMENTATIONS = YES;
				CLANG_WARN_DIRECT_OBJC_ISA_USAGE = YES_ERROR;
				CLANG_WARN_DOCUMENTATION_COMMENTS = YES;
				CLANG_WARN_EMPTY_BODY = YES;
				CLANG_WARN_ENUM_CONVERSION = YES;
				CLANG_WARN_INFINITE_RECURSION = YES;
				CLANG_WARN_INT_CONVERSION = YES;
				CLANG_WARN_NON_LITERAL_NULL_CONVERSION = YES;
				CLANG_WARN_OBJC_IMPLICIT_RETAIN_SELF = YES;
				CLANG_WARN_OBJC_LITERAL_CONVERSION = YES;
				CLANG_WARN_OBJC_ROOT_CLASS = YES_ERROR;
				CLANG_WARN_QUOTED_INCLUDE_IN_FRAMEWORK_HEADER = YES;
				CLANG_WARN_RANGE_LOOP_ANALYSIS = YES;
				CLANG_WARN_STRICT_PROTOTYPES = YES;
				CLANG_WARN_SUSPICIOUS_MOVE = YES;
				CLANG_WARN_UNGUARDED_AVAILABILITY = YES_AGGRESSIVE;
				CLANG_WARN_UNREACHABLE_CODE = YES;
				CLANG_WARN__DUPLICATE_METHOD_MATCH = YES;
				COPY_PHASE_STRIP = NO;
				DEBUG_INFORMATION_FORMAT = "dwarf-with-dsym";
				ENABLE_NS_ASSERTIONS = NO;
				ENABLE_STRICT_OBJC_MSGSEND = YES;
				GCC_C_LANGUAGE_STANDARD = gnu11;
				GCC_NO_COMMON_BLOCKS = YES;
				GCC_WARN_64_TO_32_BIT_CONVERSION = YES;
				GCC_WARN_ABOUT_RETURN_TYPE = YES_ERROR;
				GCC_WARN_UNDECLARED_SELECTOR = YES;
				GCC_WARN_UNINITIALIZED_AUTOS = YES_AGGRESSIVE;
				GCC_WARN_UNUSED_FUNCTION = YES;
				GCC_WARN_UNUSED_VARIABLE = YES;
				IPHONEOS_DEPLOYMENT_TARGET = 16.0;
				MTL_ENABLE_DEBUG_INFO = NO;
				MTL_FAST_MATH = YES;
				SDKROOT = iphoneos;
				SWIFT_COMPILATION_MODE = wholemodule;
				SWIFT_OPTIMIZATION_LEVEL = "-O";
				VALIDATE_PRODUCT = YES;
			};
			name = Release;
		};
		E513CBB6292CC7170051F844 /* Debug */ = {
			isa = XCBuildConfiguration;
			buildSettings = {
				ASSETCATALOG_COMPILER_APPICON_NAME = AppIcon;
				ASSETCATALOG_COMPILER_GLOBAL_ACCENT_COLOR_NAME = AccentColor;
				CODE_SIGN_STYLE = Automatic;
				CURRENT_PROJECT_VERSION = 1;
				DEVELOPMENT_TEAM = 7TGWCFLUYS;
				GENERATE_INFOPLIST_FILE = YES;
				INFOPLIST_FILE = Weather/Info.plist;
				INFOPLIST_KEY_UIApplicationSupportsIndirectInputEvents = YES;
				INFOPLIST_KEY_UILaunchStoryboardName = LaunchScreen;
				INFOPLIST_KEY_UIMainStoryboardFile = Main;
				INFOPLIST_KEY_UISupportedInterfaceOrientations_iPad = "UIInterfaceOrientationPortrait UIInterfaceOrientationPortraitUpsideDown UIInterfaceOrientationLandscapeLeft UIInterfaceOrientationLandscapeRight";
				INFOPLIST_KEY_UISupportedInterfaceOrientations_iPhone = "UIInterfaceOrientationPortrait UIInterfaceOrientationLandscapeLeft UIInterfaceOrientationLandscapeRight";
				IPHONEOS_DEPLOYMENT_TARGET = 13.0;
				LD_RUNPATH_SEARCH_PATHS = (
					"$(inherited)",
					"@executable_path/Frameworks",
				);
				MARKETING_VERSION = 1.0;
				PRODUCT_BUNDLE_IDENTIFIER = com.progect.Weather;
				PRODUCT_NAME = "$(TARGET_NAME)";
				SWIFT_EMIT_LOC_STRINGS = YES;
				SWIFT_VERSION = 5.0;
				TARGETED_DEVICE_FAMILY = "1,2";
			};
			name = Debug;
		};
		E513CBB7292CC7170051F844 /* Release */ = {
			isa = XCBuildConfiguration;
			buildSettings = {
				ASSETCATALOG_COMPILER_APPICON_NAME = AppIcon;
				ASSETCATALOG_COMPILER_GLOBAL_ACCENT_COLOR_NAME = AccentColor;
				CODE_SIGN_STYLE = Automatic;
				CURRENT_PROJECT_VERSION = 1;
				DEVELOPMENT_TEAM = 7TGWCFLUYS;
				GENERATE_INFOPLIST_FILE = YES;
				INFOPLIST_FILE = Weather/Info.plist;
				INFOPLIST_KEY_UIApplicationSupportsIndirectInputEvents = YES;
				INFOPLIST_KEY_UILaunchStoryboardName = LaunchScreen;
				INFOPLIST_KEY_UIMainStoryboardFile = Main;
				INFOPLIST_KEY_UISupportedInterfaceOrientations_iPad = "UIInterfaceOrientationPortrait UIInterfaceOrientationPortraitUpsideDown UIInterfaceOrientationLandscapeLeft UIInterfaceOrientationLandscapeRight";
				INFOPLIST_KEY_UISupportedInterfaceOrientations_iPhone = "UIInterfaceOrientationPortrait UIInterfaceOrientationLandscapeLeft UIInterfaceOrientationLandscapeRight";
				IPHONEOS_DEPLOYMENT_TARGET = 13.0;
				LD_RUNPATH_SEARCH_PATHS = (
					"$(inherited)",
					"@executable_path/Frameworks",
				);
				MARKETING_VERSION = 1.0;
				PRODUCT_BUNDLE_IDENTIFIER = com.progect.Weather;
				PRODUCT_NAME = "$(TARGET_NAME)";
				SWIFT_EMIT_LOC_STRINGS = YES;
				SWIFT_VERSION = 5.0;
				TARGETED_DEVICE_FAMILY = "1,2";
			};
			name = Release;
		};
/* End XCBuildConfiguration section */

/* Begin XCConfigurationList section */
		E513CB9C292CC7150051F844 /* Build configuration list for PBXProject "Weather" */ = {
			isa = XCConfigurationList;
			buildConfigurations = (
				E513CBB3292CC7170051F844 /* Debug */,
				E513CBB4292CC7170051F844 /* Release */,
			);
			defaultConfigurationIsVisible = 0;
			defaultConfigurationName = Release;
		};
		E513CBB5292CC7170051F844 /* Build configuration list for PBXNativeTarget "Weather" */ = {
			isa = XCConfigurationList;
			buildConfigurations = (
				E513CBB6292CC7170051F844 /* Debug */,
				E513CBB7292CC7170051F844 /* Release */,
			);
			defaultConfigurationIsVisible = 0;
			defaultConfigurationName = Release;
		};
/* End XCConfigurationList section */
	};
	rootObject = E513CB99292CC7150051F844 /* Project object */;
}
